// !$*UTF8*$!
{
	archiveVersion = 1;
	classes = {
	};
	objectVersion = 46;
	objects = {

/* Begin PBXBuildFile section */
		C843A0711F29E95D00A25D6F /* Event.swift in Sources */ = {isa = PBXBuildFile; fileRef = C843A0701F29E95D00A25D6F /* Event.swift */; };
		C843A0731F29EF0500A25D6F /* Errors.swift in Sources */ = {isa = PBXBuildFile; fileRef = C843A0721F29EF0500A25D6F /* Errors.swift */; };
		C843A0751F29F7E200A25D6F /* Disposable.swift in Sources */ = {isa = PBXBuildFile; fileRef = C843A0741F29F7E200A25D6F /* Disposable.swift */; };
		C843A0771F29F82B00A25D6F /* Cancelable.swift in Sources */ = {isa = PBXBuildFile; fileRef = C843A0761F29F82B00A25D6F /* Cancelable.swift */; };
		C843A0791F29F89700A25D6F /* ObserverType.swift in Sources */ = {isa = PBXBuildFile; fileRef = C843A0781F29F89700A25D6F /* ObserverType.swift */; };
		C843A07B1F29FA9700A25D6F /* ObservableConvertibleType.swift in Sources */ = {isa = PBXBuildFile; fileRef = C843A07A1F29FA9700A25D6F /* ObservableConvertibleType.swift */; };
		C843A07D1F29FB7300A25D6F /* Observable.swift in Sources */ = {isa = PBXBuildFile; fileRef = C843A07C1F29FB7300A25D6F /* Observable.swift */; };
		C843A07F1F29FB9B00A25D6F /* ObservableType.swift in Sources */ = {isa = PBXBuildFile; fileRef = C843A07E1F29FB9B00A25D6F /* ObservableType.swift */; };
		C843A0821F2B30B900A25D6F /* AnyObserver.swift in Sources */ = {isa = PBXBuildFile; fileRef = C843A0811F2B30B900A25D6F /* AnyObserver.swift */; };
		C843A0841F2B34C200A25D6F /* GroupedObservable.swift in Sources */ = {isa = PBXBuildFile; fileRef = C843A0831F2B34C200A25D6F /* GroupedObservable.swift */; };
		C843A0861F2B374000A25D6F /* ConnectableObservableType.swift in Sources */ = {isa = PBXBuildFile; fileRef = C843A0851F2B374000A25D6F /* ConnectableObservableType.swift */; };
		C843A0881F2B37EF00A25D6F /* ImmediateSchedulerType.swift in Sources */ = {isa = PBXBuildFile; fileRef = C843A0871F2B37EF00A25D6F /* ImmediateSchedulerType.swift */; };
		C843A08A1F2B399E00A25D6F /* ObservableType+Extensions.swift in Sources */ = {isa = PBXBuildFile; fileRef = C843A0891F2B399E00A25D6F /* ObservableType+Extensions.swift */; };
		C843A08C1F2B3A1000A25D6F /* Reactive.swift in Sources */ = {isa = PBXBuildFile; fileRef = C843A08B1F2B3A1000A25D6F /* Reactive.swift */; };
		C843A08E1F2B3A2700A25D6F /* Rx.swift in Sources */ = {isa = PBXBuildFile; fileRef = C843A08D1F2B3A2700A25D6F /* Rx.swift */; };
		C843A0901F2B3A3D00A25D6F /* RxMutableBox.swift in Sources */ = {isa = PBXBuildFile; fileRef = C843A08F1F2B3A3D00A25D6F /* RxMutableBox.swift */; };
		C843A0921F2B3A5300A25D6F /* SchedulerType.swift in Sources */ = {isa = PBXBuildFile; fileRef = C843A0911F2B3A5300A25D6F /* SchedulerType.swift */; };
		C843A09E1F2B4E8700A25D6F /* InfiniteSequence.swift in Sources */ = {isa = PBXBuildFile; fileRef = C843A09D1F2B4E8700A25D6F /* InfiniteSequence.swift */; };
		C843A0A01F2ED51E00A25D6F /* PriorityQueue.swift in Sources */ = {isa = PBXBuildFile; fileRef = C843A09F1F2ED51E00A25D6F /* PriorityQueue.swift */; };
		C843A0A21F2F026000A25D6F /* Queue.swift in Sources */ = {isa = PBXBuildFile; fileRef = C843A0A11F2F026000A25D6F /* Queue.swift */; };
		C88258681F2F298500CEF8F1 /* Bag.swift in Sources */ = {isa = PBXBuildFile; fileRef = C88258671F2F298500CEF8F1 /* Bag.swift */; };
		C882586C1F2F363500CEF8F1 /* Platform.Darwin.swift in Sources */ = {isa = PBXBuildFile; fileRef = C882586B1F2F363500CEF8F1 /* Platform.Darwin.swift */; };
		C882586E1F30231400CEF8F1 /* DispatchQueue+Extensions.swift in Sources */ = {isa = PBXBuildFile; fileRef = C882586D1F30231400CEF8F1 /* DispatchQueue+Extensions.swift */; };
		C88258701F30241300CEF8F1 /* RecursiveLock.swift in Sources */ = {isa = PBXBuildFile; fileRef = C882586F1F30241300CEF8F1 /* RecursiveLock.swift */; };
		C8A3291E1EFB94F7002E15E9 /* AppDelegate.swift in Sources */ = {isa = PBXBuildFile; fileRef = C8A3291D1EFB94F7002E15E9 /* AppDelegate.swift */; };
		C8A329201EFB94F7002E15E9 /* ViewController.swift in Sources */ = {isa = PBXBuildFile; fileRef = C8A3291F1EFB94F7002E15E9 /* ViewController.swift */; };
		C8A329231EFB94F8002E15E9 /* Main.storyboard in Resources */ = {isa = PBXBuildFile; fileRef = C8A329211EFB94F8002E15E9 /* Main.storyboard */; };
		C8A329251EFB94F8002E15E9 /* Assets.xcassets in Resources */ = {isa = PBXBuildFile; fileRef = C8A329241EFB94F8002E15E9 /* Assets.xcassets */; };
		C8A329281EFB94F8002E15E9 /* LaunchScreen.storyboard in Resources */ = {isa = PBXBuildFile; fileRef = C8A329261EFB94F8002E15E9 /* LaunchScreen.storyboard */; };
		C8A329331EFB94F8002E15E9 /* StudyTests.swift in Sources */ = {isa = PBXBuildFile; fileRef = C8A329321EFB94F8002E15E9 /* StudyTests.swift */; };
		C8A3293E1EFB94F8002E15E9 /* StudyUITests.swift in Sources */ = {isa = PBXBuildFile; fileRef = C8A3293D1EFB94F8002E15E9 /* StudyUITests.swift */; };
		C8D8F8271F3030E000BFFE7F /* Platform.Linux.swift in Sources */ = {isa = PBXBuildFile; fileRef = C8D8F8261F3030E000BFFE7F /* Platform.Linux.swift */; };
		C8D8F8291F305F9000BFFE7F /* AsyncLock.swift in Sources */ = {isa = PBXBuildFile; fileRef = C8D8F8281F305F9000BFFE7F /* AsyncLock.swift */; };
		C8D8F82B1F305FA600BFFE7F /* Lock.swift in Sources */ = {isa = PBXBuildFile; fileRef = C8D8F82A1F305FA600BFFE7F /* Lock.swift */; };
		C8D8F82D1F3061FF00BFFE7F /* LockOwnerType.swift in Sources */ = {isa = PBXBuildFile; fileRef = C8D8F82C1F3061FF00BFFE7F /* LockOwnerType.swift */; };
		C8D8F82F1F3062A200BFFE7F /* SynchronizedOnType.swift in Sources */ = {isa = PBXBuildFile; fileRef = C8D8F82E1F3062A200BFFE7F /* SynchronizedOnType.swift */; };
		C8D8F8311F30638100BFFE7F /* SynchronizedSubscribeType.swift in Sources */ = {isa = PBXBuildFile; fileRef = C8D8F8301F30638100BFFE7F /* SynchronizedSubscribeType.swift */; };
		C8D8F8331F3064E000BFFE7F /* SynchronizedUnsubscribeType.swift in Sources */ = {isa = PBXBuildFile; fileRef = C8D8F8321F3064E000BFFE7F /* SynchronizedUnsubscribeType.swift */; };
		C8D8F8351F30657700BFFE7F /* SynchronizedDisposeType.swift in Sources */ = {isa = PBXBuildFile; fileRef = C8D8F8341F30657700BFFE7F /* SynchronizedDisposeType.swift */; };
		C8D8F8381F30759600BFFE7F /* InvocableType.swift in Sources */ = {isa = PBXBuildFile; fileRef = C8D8F8371F30759600BFFE7F /* InvocableType.swift */; };
		C8D8F83A1F30762E00BFFE7F /* AnonymousInvocable.swift in Sources */ = {isa = PBXBuildFile; fileRef = C8D8F8391F30762E00BFFE7F /* AnonymousInvocable.swift */; };
		C8D8F83C1F30856700BFFE7F /* InvocableScheduledItem.swift in Sources */ = {isa = PBXBuildFile; fileRef = C8D8F83B1F30856700BFFE7F /* InvocableScheduledItem.swift */; };
		C8D8F83E1F3086BB00BFFE7F /* ScheduledItemType.swift in Sources */ = {isa = PBXBuildFile; fileRef = C8D8F83D1F3086BB00BFFE7F /* ScheduledItemType.swift */; };
		C8D8F8401F30871400BFFE7F /* ScheduledItem.swift in Sources */ = {isa = PBXBuildFile; fileRef = C8D8F83F1F30871400BFFE7F /* ScheduledItem.swift */; };
		C8D8F8421F308F8F00BFFE7F /* DisposeBase.swift in Sources */ = {isa = PBXBuildFile; fileRef = C8D8F8411F308F8F00BFFE7F /* DisposeBase.swift */; };
		F665E8BAD13290C0A22D3A3A /* Pods_Study.framework in Frameworks */ = {isa = PBXBuildFile; fileRef = 47595F701A029BA50EE3D6D9 /* Pods_Study.framework */; };
/* End PBXBuildFile section */

/* Begin PBXContainerItemProxy section */
		C8A3292F1EFB94F8002E15E9 /* PBXContainerItemProxy */ = {
			isa = PBXContainerItemProxy;
			containerPortal = C8A329121EFB94F7002E15E9 /* Project object */;
			proxyType = 1;
			remoteGlobalIDString = C8A329191EFB94F7002E15E9;
			remoteInfo = Study;
		};
		C8A3293A1EFB94F8002E15E9 /* PBXContainerItemProxy */ = {
			isa = PBXContainerItemProxy;
			containerPortal = C8A329121EFB94F7002E15E9 /* Project object */;
			proxyType = 1;
			remoteGlobalIDString = C8A329191EFB94F7002E15E9;
			remoteInfo = Study;
		};
/* End PBXContainerItemProxy section */

/* Begin PBXFileReference section */
		158437D01EFD55A60064BA8B /* RxSwift.framework */ = {isa = PBXFileReference; lastKnownFileType = wrapper.framework; name = RxSwift.framework; path = "../../../../Library/Developer/Xcode/DerivedData/Study-frtmxqqzftetykefzizsvduhptoh/Build/Products/Debug-iphonesimulator/RxSwift/RxSwift.framework"; sourceTree = "<group>"; };
		158437D21EFD57C60064BA8B /* Header.h */ = {isa = PBXFileReference; lastKnownFileType = sourcecode.c.h; path = Header.h; sourceTree = "<group>"; };
		37F9E6CAE1F02EE25897358F /* Pods-Study.debug.xcconfig */ = {isa = PBXFileReference; includeInIndex = 1; lastKnownFileType = text.xcconfig; name = "Pods-Study.debug.xcconfig"; path = "Pods/Target Support Files/Pods-Study/Pods-Study.debug.xcconfig"; sourceTree = "<group>"; };
		47595F701A029BA50EE3D6D9 /* Pods_Study.framework */ = {isa = PBXFileReference; explicitFileType = wrapper.framework; includeInIndex = 0; path = Pods_Study.framework; sourceTree = BUILT_PRODUCTS_DIR; };
		9CD70230154A6BCD794C08CE /* Pods-Study.release.xcconfig */ = {isa = PBXFileReference; includeInIndex = 1; lastKnownFileType = text.xcconfig; name = "Pods-Study.release.xcconfig"; path = "Pods/Target Support Files/Pods-Study/Pods-Study.release.xcconfig"; sourceTree = "<group>"; };
		C843A0701F29E95D00A25D6F /* Event.swift */ = {isa = PBXFileReference; fileEncoding = 4; lastKnownFileType = sourcecode.swift; path = Event.swift; sourceTree = "<group>"; };
		C843A0721F29EF0500A25D6F /* Errors.swift */ = {isa = PBXFileReference; fileEncoding = 4; lastKnownFileType = sourcecode.swift; path = Errors.swift; sourceTree = "<group>"; };
		C843A0741F29F7E200A25D6F /* Disposable.swift */ = {isa = PBXFileReference; fileEncoding = 4; lastKnownFileType = sourcecode.swift; path = Disposable.swift; sourceTree = "<group>"; };
		C843A0761F29F82B00A25D6F /* Cancelable.swift */ = {isa = PBXFileReference; fileEncoding = 4; lastKnownFileType = sourcecode.swift; path = Cancelable.swift; sourceTree = "<group>"; };
		C843A0781F29F89700A25D6F /* ObserverType.swift */ = {isa = PBXFileReference; fileEncoding = 4; lastKnownFileType = sourcecode.swift; path = ObserverType.swift; sourceTree = "<group>"; };
		C843A07A1F29FA9700A25D6F /* ObservableConvertibleType.swift */ = {isa = PBXFileReference; fileEncoding = 4; lastKnownFileType = sourcecode.swift; path = ObservableConvertibleType.swift; sourceTree = "<group>"; };
		C843A07C1F29FB7300A25D6F /* Observable.swift */ = {isa = PBXFileReference; fileEncoding = 4; lastKnownFileType = sourcecode.swift; path = Observable.swift; sourceTree = "<group>"; };
		C843A07E1F29FB9B00A25D6F /* ObservableType.swift */ = {isa = PBXFileReference; fileEncoding = 4; lastKnownFileType = sourcecode.swift; path = ObservableType.swift; sourceTree = "<group>"; };
		C843A0811F2B30B900A25D6F /* AnyObserver.swift */ = {isa = PBXFileReference; fileEncoding = 4; lastKnownFileType = sourcecode.swift; path = AnyObserver.swift; sourceTree = "<group>"; };
		C843A0831F2B34C200A25D6F /* GroupedObservable.swift */ = {isa = PBXFileReference; fileEncoding = 4; lastKnownFileType = sourcecode.swift; path = GroupedObservable.swift; sourceTree = "<group>"; };
		C843A0851F2B374000A25D6F /* ConnectableObservableType.swift */ = {isa = PBXFileReference; fileEncoding = 4; lastKnownFileType = sourcecode.swift; path = ConnectableObservableType.swift; sourceTree = "<group>"; };
		C843A0871F2B37EF00A25D6F /* ImmediateSchedulerType.swift */ = {isa = PBXFileReference; fileEncoding = 4; lastKnownFileType = sourcecode.swift; path = ImmediateSchedulerType.swift; sourceTree = "<group>"; };
		C843A0891F2B399E00A25D6F /* ObservableType+Extensions.swift */ = {isa = PBXFileReference; fileEncoding = 4; lastKnownFileType = sourcecode.swift; path = "ObservableType+Extensions.swift"; sourceTree = "<group>"; };
		C843A08B1F2B3A1000A25D6F /* Reactive.swift */ = {isa = PBXFileReference; fileEncoding = 4; lastKnownFileType = sourcecode.swift; path = Reactive.swift; sourceTree = "<group>"; };
		C843A08D1F2B3A2700A25D6F /* Rx.swift */ = {isa = PBXFileReference; fileEncoding = 4; lastKnownFileType = sourcecode.swift; path = Rx.swift; sourceTree = "<group>"; };
		C843A08F1F2B3A3D00A25D6F /* RxMutableBox.swift */ = {isa = PBXFileReference; fileEncoding = 4; lastKnownFileType = sourcecode.swift; path = RxMutableBox.swift; sourceTree = "<group>"; };
		C843A0911F2B3A5300A25D6F /* SchedulerType.swift */ = {isa = PBXFileReference; fileEncoding = 4; lastKnownFileType = sourcecode.swift; path = SchedulerType.swift; sourceTree = "<group>"; };
		C843A09D1F2B4E8700A25D6F /* InfiniteSequence.swift */ = {isa = PBXFileReference; fileEncoding = 4; lastKnownFileType = sourcecode.swift; path = InfiniteSequence.swift; sourceTree = "<group>"; };
		C843A09F1F2ED51E00A25D6F /* PriorityQueue.swift */ = {isa = PBXFileReference; fileEncoding = 4; lastKnownFileType = sourcecode.swift; path = PriorityQueue.swift; sourceTree = "<group>"; };
		C843A0A11F2F026000A25D6F /* Queue.swift */ = {isa = PBXFileReference; fileEncoding = 4; lastKnownFileType = sourcecode.swift; path = Queue.swift; sourceTree = "<group>"; };
		C88258671F2F298500CEF8F1 /* Bag.swift */ = {isa = PBXFileReference; fileEncoding = 4; lastKnownFileType = sourcecode.swift; path = Bag.swift; sourceTree = "<group>"; };
		C882586B1F2F363500CEF8F1 /* Platform.Darwin.swift */ = {isa = PBXFileReference; fileEncoding = 4; lastKnownFileType = sourcecode.swift; path = Platform.Darwin.swift; sourceTree = "<group>"; };
		C882586D1F30231400CEF8F1 /* DispatchQueue+Extensions.swift */ = {isa = PBXFileReference; fileEncoding = 4; lastKnownFileType = sourcecode.swift; path = "DispatchQueue+Extensions.swift"; sourceTree = "<group>"; };
		C882586F1F30241300CEF8F1 /* RecursiveLock.swift */ = {isa = PBXFileReference; fileEncoding = 4; lastKnownFileType = sourcecode.swift; path = RecursiveLock.swift; sourceTree = "<group>"; };
		C8A3291A1EFB94F7002E15E9 /* Study.app */ = {isa = PBXFileReference; explicitFileType = wrapper.application; includeInIndex = 0; path = Study.app; sourceTree = BUILT_PRODUCTS_DIR; };
		C8A3291D1EFB94F7002E15E9 /* AppDelegate.swift */ = {isa = PBXFileReference; lastKnownFileType = sourcecode.swift; path = AppDelegate.swift; sourceTree = "<group>"; };
		C8A3291F1EFB94F7002E15E9 /* ViewController.swift */ = {isa = PBXFileReference; lastKnownFileType = sourcecode.swift; path = ViewController.swift; sourceTree = "<group>"; };
		C8A329221EFB94F8002E15E9 /* Base */ = {isa = PBXFileReference; lastKnownFileType = file.storyboard; name = Base; path = Base.lproj/Main.storyboard; sourceTree = "<group>"; };
		C8A329241EFB94F8002E15E9 /* Assets.xcassets */ = {isa = PBXFileReference; lastKnownFileType = folder.assetcatalog; path = Assets.xcassets; sourceTree = "<group>"; };
		C8A329271EFB94F8002E15E9 /* Base */ = {isa = PBXFileReference; lastKnownFileType = file.storyboard; name = Base; path = Base.lproj/LaunchScreen.storyboard; sourceTree = "<group>"; };
		C8A329291EFB94F8002E15E9 /* Info.plist */ = {isa = PBXFileReference; lastKnownFileType = text.plist.xml; path = Info.plist; sourceTree = "<group>"; };
		C8A3292E1EFB94F8002E15E9 /* StudyTests.xctest */ = {isa = PBXFileReference; explicitFileType = wrapper.cfbundle; includeInIndex = 0; path = StudyTests.xctest; sourceTree = BUILT_PRODUCTS_DIR; };
		C8A329321EFB94F8002E15E9 /* StudyTests.swift */ = {isa = PBXFileReference; lastKnownFileType = sourcecode.swift; path = StudyTests.swift; sourceTree = "<group>"; };
		C8A329341EFB94F8002E15E9 /* Info.plist */ = {isa = PBXFileReference; lastKnownFileType = text.plist.xml; path = Info.plist; sourceTree = "<group>"; };
		C8A329391EFB94F8002E15E9 /* StudyUITests.xctest */ = {isa = PBXFileReference; explicitFileType = wrapper.cfbundle; includeInIndex = 0; path = StudyUITests.xctest; sourceTree = BUILT_PRODUCTS_DIR; };
		C8A3293D1EFB94F8002E15E9 /* StudyUITests.swift */ = {isa = PBXFileReference; lastKnownFileType = sourcecode.swift; path = StudyUITests.swift; sourceTree = "<group>"; };
		C8A3293F1EFB94F8002E15E9 /* Info.plist */ = {isa = PBXFileReference; lastKnownFileType = text.plist.xml; path = Info.plist; sourceTree = "<group>"; };
		C8D8F8261F3030E000BFFE7F /* Platform.Linux.swift */ = {isa = PBXFileReference; fileEncoding = 4; lastKnownFileType = sourcecode.swift; path = Platform.Linux.swift; sourceTree = "<group>"; };
		C8D8F8281F305F9000BFFE7F /* AsyncLock.swift */ = {isa = PBXFileReference; fileEncoding = 4; lastKnownFileType = sourcecode.swift; path = AsyncLock.swift; sourceTree = "<group>"; };
		C8D8F82A1F305FA600BFFE7F /* Lock.swift */ = {isa = PBXFileReference; fileEncoding = 4; lastKnownFileType = sourcecode.swift; path = Lock.swift; sourceTree = "<group>"; };
		C8D8F82C1F3061FF00BFFE7F /* LockOwnerType.swift */ = {isa = PBXFileReference; fileEncoding = 4; lastKnownFileType = sourcecode.swift; path = LockOwnerType.swift; sourceTree = "<group>"; };
		C8D8F82E1F3062A200BFFE7F /* SynchronizedOnType.swift */ = {isa = PBXFileReference; fileEncoding = 4; lastKnownFileType = sourcecode.swift; path = SynchronizedOnType.swift; sourceTree = "<group>"; };
		C8D8F8301F30638100BFFE7F /* SynchronizedSubscribeType.swift */ = {isa = PBXFileReference; fileEncoding = 4; lastKnownFileType = sourcecode.swift; path = SynchronizedSubscribeType.swift; sourceTree = "<group>"; };
		C8D8F8321F3064E000BFFE7F /* SynchronizedUnsubscribeType.swift */ = {isa = PBXFileReference; fileEncoding = 4; lastKnownFileType = sourcecode.swift; path = SynchronizedUnsubscribeType.swift; sourceTree = "<group>"; };
		C8D8F8341F30657700BFFE7F /* SynchronizedDisposeType.swift */ = {isa = PBXFileReference; fileEncoding = 4; lastKnownFileType = sourcecode.swift; path = SynchronizedDisposeType.swift; sourceTree = "<group>"; };
		C8D8F8371F30759600BFFE7F /* InvocableType.swift */ = {isa = PBXFileReference; fileEncoding = 4; lastKnownFileType = sourcecode.swift; path = InvocableType.swift; sourceTree = "<group>"; };
		C8D8F8391F30762E00BFFE7F /* AnonymousInvocable.swift */ = {isa = PBXFileReference; fileEncoding = 4; lastKnownFileType = sourcecode.swift; path = AnonymousInvocable.swift; sourceTree = "<group>"; };
		C8D8F83B1F30856700BFFE7F /* InvocableScheduledItem.swift */ = {isa = PBXFileReference; fileEncoding = 4; lastKnownFileType = sourcecode.swift; path = InvocableScheduledItem.swift; sourceTree = "<group>"; };
		C8D8F83D1F3086BB00BFFE7F /* ScheduledItemType.swift */ = {isa = PBXFileReference; fileEncoding = 4; lastKnownFileType = sourcecode.swift; path = ScheduledItemType.swift; sourceTree = "<group>"; };
		C8D8F83F1F30871400BFFE7F /* ScheduledItem.swift */ = {isa = PBXFileReference; fileEncoding = 4; lastKnownFileType = sourcecode.swift; path = ScheduledItem.swift; sourceTree = "<group>"; };
		C8D8F8411F308F8F00BFFE7F /* DisposeBase.swift */ = {isa = PBXFileReference; fileEncoding = 4; lastKnownFileType = sourcecode.swift; path = DisposeBase.swift; sourceTree = "<group>"; };
/* End PBXFileReference section */

/* Begin PBXFrameworksBuildPhase section */
		C8A329171EFB94F7002E15E9 /* Frameworks */ = {
			isa = PBXFrameworksBuildPhase;
			buildActionMask = 2147483647;
			files = (
				F665E8BAD13290C0A22D3A3A /* Pods_Study.framework in Frameworks */,
			);
			runOnlyForDeploymentPostprocessing = 0;
		};
		C8A3292B1EFB94F8002E15E9 /* Frameworks */ = {
			isa = PBXFrameworksBuildPhase;
			buildActionMask = 2147483647;
			files = (
			);
			runOnlyForDeploymentPostprocessing = 0;
		};
		C8A329361EFB94F8002E15E9 /* Frameworks */ = {
			isa = PBXFrameworksBuildPhase;
			buildActionMask = 2147483647;
			files = (
			);
			runOnlyForDeploymentPostprocessing = 0;
		};
/* End PBXFrameworksBuildPhase section */

/* Begin PBXGroup section */
		37587BA7B4C6C9287C920D7E /* Frameworks */ = {
			isa = PBXGroup;
			children = (
				158437D01EFD55A60064BA8B /* RxSwift.framework */,
				47595F701A029BA50EE3D6D9 /* Pods_Study.framework */,
			);
			name = Frameworks;
			sourceTree = "<group>";
		};
		4E459DC499B472E1D16D3A62 /* Pods */ = {
			isa = PBXGroup;
			children = (
				37F9E6CAE1F02EE25897358F /* Pods-Study.debug.xcconfig */,
				9CD70230154A6BCD794C08CE /* Pods-Study.release.xcconfig */,
			);
			name = Pods;
			sourceTree = "<group>";
		};
		C843A06F1F29E8D800A25D6F /* Study_RxSwift */ = {
			isa = PBXGroup;
			children = (
				C843A0831F2B34C200A25D6F /* GroupedObservable.swift */,
				C843A0761F29F82B00A25D6F /* Cancelable.swift */,
				C843A0851F2B374000A25D6F /* ConnectableObservableType.swift */,
				C843A0741F29F7E200A25D6F /* Disposable.swift */,
				C843A0721F29EF0500A25D6F /* Errors.swift */,
				C843A0701F29E95D00A25D6F /* Event.swift */,
				C843A0871F2B37EF00A25D6F /* ImmediateSchedulerType.swift */,
				C843A07C1F29FB7300A25D6F /* Observable.swift */,
				C843A0891F2B399E00A25D6F /* ObservableType+Extensions.swift */,
				C843A07A1F29FA9700A25D6F /* ObservableConvertibleType.swift */,
				C843A07E1F29FB9B00A25D6F /* ObservableType.swift */,
				C843A0811F2B30B900A25D6F /* AnyObserver.swift */,
				C843A0781F29F89700A25D6F /* ObserverType.swift */,
				C843A08B1F2B3A1000A25D6F /* Reactive.swift */,
				C843A08D1F2B3A2700A25D6F /* Rx.swift */,
				C843A08F1F2B3A3D00A25D6F /* RxMutableBox.swift */,
				C843A0911F2B3A5300A25D6F /* SchedulerType.swift */,
				C843A0931F2B4C3900A25D6F /* Platform */,
				C843A0951F2B4C7D00A25D6F /* Concurrency */,
				C843A0961F2B4C7D00A25D6F /* Disposables */,
				C843A0971F2B4C7D00A25D6F /* Extensions */,
				C843A0981F2B4C7D00A25D6F /* Observables */,
				C843A09C1F2B4CBF00A25D6F /* Observers */,
				C843A0991F2B4C7D00A25D6F /* Schedulers */,
				C843A09A1F2B4C7D00A25D6F /* Subjects */,
				C843A09B1F2B4C7D00A25D6F /* Traits */,
			);
			path = Study_RxSwift;
			sourceTree = "<group>";
		};
		C843A0931F2B4C3900A25D6F /* Platform */ = {
			isa = PBXGroup;
			children = (
				C843A0941F2B4C3900A25D6F /* DataStructures */,
				C882586B1F2F363500CEF8F1 /* Platform.Darwin.swift */,
				C8D8F8261F3030E000BFFE7F /* Platform.Linux.swift */,
				C882586D1F30231400CEF8F1 /* DispatchQueue+Extensions.swift */,
				C882586F1F30241300CEF8F1 /* RecursiveLock.swift */,
			);
			path = Platform;
			sourceTree = "<group>";
		};
		C843A0941F2B4C3900A25D6F /* DataStructures */ = {
			isa = PBXGroup;
			children = (
				C843A09D1F2B4E8700A25D6F /* InfiniteSequence.swift */,
				C843A09F1F2ED51E00A25D6F /* PriorityQueue.swift */,
				C843A0A11F2F026000A25D6F /* Queue.swift */,
				C88258671F2F298500CEF8F1 /* Bag.swift */,
			);
			path = DataStructures;
			sourceTree = "<group>";
		};
		C843A0951F2B4C7D00A25D6F /* Concurrency */ = {
			isa = PBXGroup;
			children = (
				C8D8F8281F305F9000BFFE7F /* AsyncLock.swift */,
				C8D8F82A1F305FA600BFFE7F /* Lock.swift */,
				C8D8F82C1F3061FF00BFFE7F /* LockOwnerType.swift */,
				C8D8F82E1F3062A200BFFE7F /* SynchronizedOnType.swift */,
				C8D8F8301F30638100BFFE7F /* SynchronizedSubscribeType.swift */,
				C8D8F8321F3064E000BFFE7F /* SynchronizedUnsubscribeType.swift */,
				C8D8F8341F30657700BFFE7F /* SynchronizedDisposeType.swift */,
			);
			path = Concurrency;
			sourceTree = "<group>";
		};
		C843A0961F2B4C7D00A25D6F /* Disposables */ = {
			isa = PBXGroup;
			children = (
				C8D8F8411F308F8F00BFFE7F /* DisposeBase.swift */,
			);
			path = Disposables;
			sourceTree = "<group>";
		};
		C843A0971F2B4C7D00A25D6F /* Extensions */ = {
			isa = PBXGroup;
			children = (
			);
			path = Extensions;
			sourceTree = "<group>";
		};
		C843A0981F2B4C7D00A25D6F /* Observables */ = {
			isa = PBXGroup;
			children = (
			);
			path = Observables;
			sourceTree = "<group>";
		};
		C843A0991F2B4C7D00A25D6F /* Schedulers */ = {
			isa = PBXGroup;
			children = (
				C8D8F8361F30757400BFFE7F /* Internal */,
			);
			path = Schedulers;
			sourceTree = "<group>";
		};
		C843A09A1F2B4C7D00A25D6F /* Subjects */ = {
			isa = PBXGroup;
			children = (
			);
			path = Subjects;
			sourceTree = "<group>";
		};
		C843A09B1F2B4C7D00A25D6F /* Traits */ = {
			isa = PBXGroup;
			children = (
			);
			path = Traits;
			sourceTree = "<group>";
		};
		C843A09C1F2B4CBF00A25D6F /* Observers */ = {
			isa = PBXGroup;
			children = (
			);
			path = Observers;
			sourceTree = "<group>";
		};
		C8A329111EFB94F7002E15E9 = {
			isa = PBXGroup;
			children = (
				C8A3291C1EFB94F7002E15E9 /* Study */,
				C8A329311EFB94F8002E15E9 /* StudyTests */,
				C8A3293C1EFB94F8002E15E9 /* StudyUITests */,
				C8A3291B1EFB94F7002E15E9 /* Products */,
				4E459DC499B472E1D16D3A62 /* Pods */,
				37587BA7B4C6C9287C920D7E /* Frameworks */,
			);
			sourceTree = "<group>";
		};
		C8A3291B1EFB94F7002E15E9 /* Products */ = {
			isa = PBXGroup;
			children = (
				C8A3291A1EFB94F7002E15E9 /* Study.app */,
				C8A3292E1EFB94F8002E15E9 /* StudyTests.xctest */,
				C8A329391EFB94F8002E15E9 /* StudyUITests.xctest */,
			);
			name = Products;
			sourceTree = "<group>";
		};
		C8A3291C1EFB94F7002E15E9 /* Study */ = {
			isa = PBXGroup;
			children = (
				C843A06F1F29E8D800A25D6F /* Study_RxSwift */,
				C8A3291D1EFB94F7002E15E9 /* AppDelegate.swift */,
				C8A3291F1EFB94F7002E15E9 /* ViewController.swift */,
				158437D21EFD57C60064BA8B /* Header.h */,
				C8A329211EFB94F8002E15E9 /* Main.storyboard */,
				C8A329241EFB94F8002E15E9 /* Assets.xcassets */,
				C8A329261EFB94F8002E15E9 /* LaunchScreen.storyboard */,
				C8A329291EFB94F8002E15E9 /* Info.plist */,
			);
			path = Study;
			sourceTree = "<group>";
		};
		C8A329311EFB94F8002E15E9 /* StudyTests */ = {
			isa = PBXGroup;
			children = (
				C8A329321EFB94F8002E15E9 /* StudyTests.swift */,
				C8A329341EFB94F8002E15E9 /* Info.plist */,
			);
			path = StudyTests;
			sourceTree = "<group>";
		};
		C8A3293C1EFB94F8002E15E9 /* StudyUITests */ = {
			isa = PBXGroup;
			children = (
				C8A3293D1EFB94F8002E15E9 /* StudyUITests.swift */,
				C8A3293F1EFB94F8002E15E9 /* Info.plist */,
			);
			path = StudyUITests;
			sourceTree = "<group>";
		};
		C8D8F8361F30757400BFFE7F /* Internal */ = {
			isa = PBXGroup;
			children = (
				C8D8F8371F30759600BFFE7F /* InvocableType.swift */,
				C8D8F8391F30762E00BFFE7F /* AnonymousInvocable.swift */,
				C8D8F83B1F30856700BFFE7F /* InvocableScheduledItem.swift */,
				C8D8F83D1F3086BB00BFFE7F /* ScheduledItemType.swift */,
				C8D8F83F1F30871400BFFE7F /* ScheduledItem.swift */,
			);
			path = Internal;
			sourceTree = "<group>";
		};
/* End PBXGroup section */

/* Begin PBXNativeTarget section */
		C8A329191EFB94F7002E15E9 /* Study */ = {
			isa = PBXNativeTarget;
			buildConfigurationList = C8A329421EFB94F8002E15E9 /* Build configuration list for PBXNativeTarget "Study" */;
			buildPhases = (
				2F2A4541F7D2B6478D72929A /* [CP] Check Pods Manifest.lock */,
				C8A329161EFB94F7002E15E9 /* Sources */,
				C8A329171EFB94F7002E15E9 /* Frameworks */,
				C8A329181EFB94F7002E15E9 /* Resources */,
				BCB9C9BC7C01C2D3FA41F9C5 /* [CP] Embed Pods Frameworks */,
				FD20CBE07D936E8196A934B7 /* [CP] Copy Pods Resources */,
				C843A0801F2B2EEC00A25D6F /* ShellScript */,
			);
			buildRules = (
			);
			dependencies = (
			);
			name = Study;
			productName = Study;
			productReference = C8A3291A1EFB94F7002E15E9 /* Study.app */;
			productType = "com.apple.product-type.application";
		};
		C8A3292D1EFB94F8002E15E9 /* StudyTests */ = {
			isa = PBXNativeTarget;
			buildConfigurationList = C8A329451EFB94F8002E15E9 /* Build configuration list for PBXNativeTarget "StudyTests" */;
			buildPhases = (
				C8A3292A1EFB94F8002E15E9 /* Sources */,
				C8A3292B1EFB94F8002E15E9 /* Frameworks */,
				C8A3292C1EFB94F8002E15E9 /* Resources */,
			);
			buildRules = (
			);
			dependencies = (
				C8A329301EFB94F8002E15E9 /* PBXTargetDependency */,
			);
			name = StudyTests;
			productName = StudyTests;
			productReference = C8A3292E1EFB94F8002E15E9 /* StudyTests.xctest */;
			productType = "com.apple.product-type.bundle.unit-test";
		};
		C8A329381EFB94F8002E15E9 /* StudyUITests */ = {
			isa = PBXNativeTarget;
			buildConfigurationList = C8A329481EFB94F8002E15E9 /* Build configuration list for PBXNativeTarget "StudyUITests" */;
			buildPhases = (
				C8A329351EFB94F8002E15E9 /* Sources */,
				C8A329361EFB94F8002E15E9 /* Frameworks */,
				C8A329371EFB94F8002E15E9 /* Resources */,
			);
			buildRules = (
			);
			dependencies = (
				C8A3293B1EFB94F8002E15E9 /* PBXTargetDependency */,
			);
			name = StudyUITests;
			productName = StudyUITests;
			productReference = C8A329391EFB94F8002E15E9 /* StudyUITests.xctest */;
			productType = "com.apple.product-type.bundle.ui-testing";
		};
/* End PBXNativeTarget section */

/* Begin PBXProject section */
		C8A329121EFB94F7002E15E9 /* Project object */ = {
			isa = PBXProject;
			attributes = {
				LastSwiftUpdateCheck = 0830;
				LastUpgradeCheck = 0830;
				ORGANIZATIONNAME = syswin;
				TargetAttributes = {
					C8A329191EFB94F7002E15E9 = {
						CreatedOnToolsVersion = 8.3.3;
						DevelopmentTeam = 62TDMBSP72;
						ProvisioningStyle = Automatic;
					};
					C8A3292D1EFB94F8002E15E9 = {
						CreatedOnToolsVersion = 8.3.3;
						DevelopmentTeam = 62TDMBSP72;
						ProvisioningStyle = Automatic;
						TestTargetID = C8A329191EFB94F7002E15E9;
					};
					C8A329381EFB94F8002E15E9 = {
						CreatedOnToolsVersion = 8.3.3;
						DevelopmentTeam = 62TDMBSP72;
						ProvisioningStyle = Automatic;
						TestTargetID = C8A329191EFB94F7002E15E9;
					};
				};
			};
			buildConfigurationList = C8A329151EFB94F7002E15E9 /* Build configuration list for PBXProject "Study" */;
			compatibilityVersion = "Xcode 3.2";
			developmentRegion = English;
			hasScannedForEncodings = 0;
			knownRegions = (
				en,
				Base,
			);
			mainGroup = C8A329111EFB94F7002E15E9;
			productRefGroup = C8A3291B1EFB94F7002E15E9 /* Products */;
			projectDirPath = "";
			projectRoot = "";
			targets = (
				C8A329191EFB94F7002E15E9 /* Study */,
				C8A3292D1EFB94F8002E15E9 /* StudyTests */,
				C8A329381EFB94F8002E15E9 /* StudyUITests */,
			);
		};
/* End PBXProject section */

/* Begin PBXResourcesBuildPhase section */
		C8A329181EFB94F7002E15E9 /* Resources */ = {
			isa = PBXResourcesBuildPhase;
			buildActionMask = 2147483647;
			files = (
				C8A329281EFB94F8002E15E9 /* LaunchScreen.storyboard in Resources */,
				C8A329251EFB94F8002E15E9 /* Assets.xcassets in Resources */,
				C8A329231EFB94F8002E15E9 /* Main.storyboard in Resources */,
			);
			runOnlyForDeploymentPostprocessing = 0;
		};
		C8A3292C1EFB94F8002E15E9 /* Resources */ = {
			isa = PBXResourcesBuildPhase;
			buildActionMask = 2147483647;
			files = (
			);
			runOnlyForDeploymentPostprocessing = 0;
		};
		C8A329371EFB94F8002E15E9 /* Resources */ = {
			isa = PBXResourcesBuildPhase;
			buildActionMask = 2147483647;
			files = (
			);
			runOnlyForDeploymentPostprocessing = 0;
		};
/* End PBXResourcesBuildPhase section */

/* Begin PBXShellScriptBuildPhase section */
		2F2A4541F7D2B6478D72929A /* [CP] Check Pods Manifest.lock */ = {
			isa = PBXShellScriptBuildPhase;
			buildActionMask = 2147483647;
			files = (
			);
			inputPaths = (
			);
			name = "[CP] Check Pods Manifest.lock";
			outputPaths = (
			);
			runOnlyForDeploymentPostprocessing = 0;
			shellPath = /bin/sh;
			shellScript = "diff \"${PODS_PODFILE_DIR_PATH}/Podfile.lock\" \"${PODS_ROOT}/Manifest.lock\" > /dev/null\nif [ $? != 0 ] ; then\n    # print error to STDERR\n    echo \"error: The sandbox is not in sync with the Podfile.lock. Run 'pod install' or update your CocoaPods installation.\" >&2\n    exit 1\nfi\n";
			showEnvVarsInLog = 0;
		};
		BCB9C9BC7C01C2D3FA41F9C5 /* [CP] Embed Pods Frameworks */ = {
			isa = PBXShellScriptBuildPhase;
			buildActionMask = 2147483647;
			files = (
			);
			inputPaths = (
			);
			name = "[CP] Embed Pods Frameworks";
			outputPaths = (
			);
			runOnlyForDeploymentPostprocessing = 0;
			shellPath = /bin/sh;
			shellScript = "\"${SRCROOT}/Pods/Target Support Files/Pods-Study/Pods-Study-frameworks.sh\"\n";
			showEnvVarsInLog = 0;
		};
		C843A0801F2B2EEC00A25D6F /* ShellScript */ = {
			isa = PBXShellScriptBuildPhase;
			buildActionMask = 2147483647;
			files = (
			);
			inputPaths = (
			);
			outputPaths = (
			);
			runOnlyForDeploymentPostprocessing = 0;
			shellPath = /bin/sh;
			shellScript = "TAGS=\"TODO:|FIXME:\"\necho \"searching ${SRCROOT} for ${TAGS}\"\nfind \"${SRCROOT}\" \\( -name \"*.swift\" \\) -print0 | xargs -0 egrep --with-filename --line-number --only-matching \"($TAGS).*\\$\" | perl -p -e \"s/($TAGS)/ warning: \\$1/\"";
		};
		FD20CBE07D936E8196A934B7 /* [CP] Copy Pods Resources */ = {
			isa = PBXShellScriptBuildPhase;
			buildActionMask = 2147483647;
			files = (
			);
			inputPaths = (
			);
			name = "[CP] Copy Pods Resources";
			outputPaths = (
			);
			runOnlyForDeploymentPostprocessing = 0;
			shellPath = /bin/sh;
			shellScript = "\"${SRCROOT}/Pods/Target Support Files/Pods-Study/Pods-Study-resources.sh\"\n";
			showEnvVarsInLog = 0;
		};
/* End PBXShellScriptBuildPhase section */

/* Begin PBXSourcesBuildPhase section */
		C8A329161EFB94F7002E15E9 /* Sources */ = {
			isa = PBXSourcesBuildPhase;
			buildActionMask = 2147483647;
			files = (
				C843A09E1F2B4E8700A25D6F /* InfiniteSequence.swift in Sources */,
				C843A0861F2B374000A25D6F /* ConnectableObservableType.swift in Sources */,
				C843A0731F29EF0500A25D6F /* Errors.swift in Sources */,
				C8D8F8331F3064E000BFFE7F /* SynchronizedUnsubscribeType.swift in Sources */,
				C88258681F2F298500CEF8F1 /* Bag.swift in Sources */,
				C843A0A21F2F026000A25D6F /* Queue.swift in Sources */,
				C8D8F8291F305F9000BFFE7F /* AsyncLock.swift in Sources */,
				C843A08A1F2B399E00A25D6F /* ObservableType+Extensions.swift in Sources */,
				C843A0771F29F82B00A25D6F /* Cancelable.swift in Sources */,
				C843A0A01F2ED51E00A25D6F /* PriorityQueue.swift in Sources */,
				C8D8F8381F30759600BFFE7F /* InvocableType.swift in Sources */,
				C8D8F82B1F305FA600BFFE7F /* Lock.swift in Sources */,
				C882586E1F30231400CEF8F1 /* DispatchQueue+Extensions.swift in Sources */,
				C882586C1F2F363500CEF8F1 /* Platform.Darwin.swift in Sources */,
				C843A0921F2B3A5300A25D6F /* SchedulerType.swift in Sources */,
				C843A0881F2B37EF00A25D6F /* ImmediateSchedulerType.swift in Sources */,
				C843A0791F29F89700A25D6F /* ObserverType.swift in Sources */,
				C8A329201EFB94F7002E15E9 /* ViewController.swift in Sources */,
				C843A07F1F29FB9B00A25D6F /* ObservableType.swift in Sources */,
				C843A07D1F29FB7300A25D6F /* Observable.swift in Sources */,
				C8D8F82D1F3061FF00BFFE7F /* LockOwnerType.swift in Sources */,
				C843A0751F29F7E200A25D6F /* Disposable.swift in Sources */,
				C843A0821F2B30B900A25D6F /* AnyObserver.swift in Sources */,
				C843A0711F29E95D00A25D6F /* Event.swift in Sources */,
				C88258701F30241300CEF8F1 /* RecursiveLock.swift in Sources */,
				C8D8F83C1F30856700BFFE7F /* InvocableScheduledItem.swift in Sources */,
				C8D8F82F1F3062A200BFFE7F /* SynchronizedOnType.swift in Sources */,
				C843A0901F2B3A3D00A25D6F /* RxMutableBox.swift in Sources */,
				C8D8F83A1F30762E00BFFE7F /* AnonymousInvocable.swift in Sources */,
				C843A08C1F2B3A1000A25D6F /* Reactive.swift in Sources */,
				C8D8F83E1F3086BB00BFFE7F /* ScheduledItemType.swift in Sources */,
				C8D8F8351F30657700BFFE7F /* SynchronizedDisposeType.swift in Sources */,
				C843A08E1F2B3A2700A25D6F /* Rx.swift in Sources */,
				C843A0841F2B34C200A25D6F /* GroupedObservable.swift in Sources */,
				C8D8F8271F3030E000BFFE7F /* Platform.Linux.swift in Sources */,
				C843A07B1F29FA9700A25D6F /* ObservableConvertibleType.swift in Sources */,
				C8D8F8311F30638100BFFE7F /* SynchronizedSubscribeType.swift in Sources */,
				C8D8F8401F30871400BFFE7F /* ScheduledItem.swift in Sources */,
				C8D8F8421F308F8F00BFFE7F /* DisposeBase.swift in Sources */,
				C8A3291E1EFB94F7002E15E9 /* AppDelegate.swift in Sources */,
			);
			runOnlyForDeploymentPostprocessing = 0;
		};
		C8A3292A1EFB94F8002E15E9 /* Sources */ = {
			isa = PBXSourcesBuildPhase;
			buildActionMask = 2147483647;
			files = (
				C8A329331EFB94F8002E15E9 /* StudyTests.swift in Sources */,
			);
			runOnlyForDeploymentPostprocessing = 0;
		};
		C8A329351EFB94F8002E15E9 /* Sources */ = {
			isa = PBXSourcesBuildPhase;
			buildActionMask = 2147483647;
			files = (
				C8A3293E1EFB94F8002E15E9 /* StudyUITests.swift in Sources */,
			);
			runOnlyForDeploymentPostprocessing = 0;
		};
/* End PBXSourcesBuildPhase section */

/* Begin PBXTargetDependency section */
		C8A329301EFB94F8002E15E9 /* PBXTargetDependency */ = {
			isa = PBXTargetDependency;
			target = C8A329191EFB94F7002E15E9 /* Study */;
			targetProxy = C8A3292F1EFB94F8002E15E9 /* PBXContainerItemProxy */;
		};
		C8A3293B1EFB94F8002E15E9 /* PBXTargetDependency */ = {
			isa = PBXTargetDependency;
			target = C8A329191EFB94F7002E15E9 /* Study */;
			targetProxy = C8A3293A1EFB94F8002E15E9 /* PBXContainerItemProxy */;
		};
/* End PBXTargetDependency section */

/* Begin PBXVariantGroup section */
		C8A329211EFB94F8002E15E9 /* Main.storyboard */ = {
			isa = PBXVariantGroup;
			children = (
				C8A329221EFB94F8002E15E9 /* Base */,
			);
			name = Main.storyboard;
			sourceTree = "<group>";
		};
		C8A329261EFB94F8002E15E9 /* LaunchScreen.storyboard */ = {
			isa = PBXVariantGroup;
			children = (
				C8A329271EFB94F8002E15E9 /* Base */,
			);
			name = LaunchScreen.storyboard;
			sourceTree = "<group>";
		};
/* End PBXVariantGroup section */

/* Begin XCBuildConfiguration section */
		C8A329401EFB94F8002E15E9 /* Debug */ = {
			isa = XCBuildConfiguration;
			buildSettings = {
				ALWAYS_SEARCH_USER_PATHS = NO;
				CLANG_ANALYZER_NONNULL = YES;
				CLANG_ANALYZER_NUMBER_OBJECT_CONVERSION = YES_AGGRESSIVE;
				CLANG_CXX_LANGUAGE_STANDARD = "gnu++0x";
				CLANG_CXX_LIBRARY = "libc++";
				CLANG_ENABLE_MODULES = YES;
				CLANG_ENABLE_OBJC_ARC = YES;
				CLANG_WARN_BOOL_CONVERSION = YES;
				CLANG_WARN_CONSTANT_CONVERSION = YES;
				CLANG_WARN_DIRECT_OBJC_ISA_USAGE = YES_ERROR;
				CLANG_WARN_DOCUMENTATION_COMMENTS = YES;
				CLANG_WARN_EMPTY_BODY = YES;
				CLANG_WARN_ENUM_CONVERSION = YES;
				CLANG_WARN_INFINITE_RECURSION = YES;
				CLANG_WARN_INT_CONVERSION = YES;
				CLANG_WARN_OBJC_ROOT_CLASS = YES_ERROR;
				CLANG_WARN_SUSPICIOUS_MOVE = YES;
				CLANG_WARN_UNREACHABLE_CODE = YES;
				CLANG_WARN__DUPLICATE_METHOD_MATCH = YES;
				"CODE_SIGN_IDENTITY[sdk=iphoneos*]" = "iPhone Developer";
				COPY_PHASE_STRIP = NO;
				DEBUG_INFORMATION_FORMAT = dwarf;
				ENABLE_STRICT_OBJC_MSGSEND = YES;
				ENABLE_TESTABILITY = YES;
				GCC_C_LANGUAGE_STANDARD = gnu99;
				GCC_DYNAMIC_NO_PIC = NO;
				GCC_NO_COMMON_BLOCKS = YES;
				GCC_OPTIMIZATION_LEVEL = 0;
				GCC_PREPROCESSOR_DEFINITIONS = (
					"DEBUG=1",
					"$(inherited)",
				);
				GCC_WARN_64_TO_32_BIT_CONVERSION = YES;
				GCC_WARN_ABOUT_RETURN_TYPE = YES_ERROR;
				GCC_WARN_UNDECLARED_SELECTOR = YES;
				GCC_WARN_UNINITIALIZED_AUTOS = YES_AGGRESSIVE;
				GCC_WARN_UNUSED_FUNCTION = YES;
				GCC_WARN_UNUSED_VARIABLE = YES;
				IPHONEOS_DEPLOYMENT_TARGET = 10.3;
				MTL_ENABLE_DEBUG_INFO = YES;
				ONLY_ACTIVE_ARCH = YES;
				SDKROOT = iphoneos;
				SWIFT_ACTIVE_COMPILATION_CONDITIONS = DEBUG;
				SWIFT_OPTIMIZATION_LEVEL = "-Onone";
			};
			name = Debug;
		};
		C8A329411EFB94F8002E15E9 /* Release */ = {
			isa = XCBuildConfiguration;
			buildSettings = {
				ALWAYS_SEARCH_USER_PATHS = NO;
				CLANG_ANALYZER_NONNULL = YES;
				CLANG_ANALYZER_NUMBER_OBJECT_CONVERSION = YES_AGGRESSIVE;
				CLANG_CXX_LANGUAGE_STANDARD = "gnu++0x";
				CLANG_CXX_LIBRARY = "libc++";
				CLANG_ENABLE_MODULES = YES;
				CLANG_ENABLE_OBJC_ARC = YES;
				CLANG_WARN_BOOL_CONVERSION = YES;
				CLANG_WARN_CONSTANT_CONVERSION = YES;
				CLANG_WARN_DIRECT_OBJC_ISA_USAGE = YES_ERROR;
				CLANG_WARN_DOCUMENTATION_COMMENTS = YES;
				CLANG_WARN_EMPTY_BODY = YES;
				CLANG_WARN_ENUM_CONVERSION = YES;
				CLANG_WARN_INFINITE_RECURSION = YES;
				CLANG_WARN_INT_CONVERSION = YES;
				CLANG_WARN_OBJC_ROOT_CLASS = YES_ERROR;
				CLANG_WARN_SUSPICIOUS_MOVE = YES;
				CLANG_WARN_UNREACHABLE_CODE = YES;
				CLANG_WARN__DUPLICATE_METHOD_MATCH = YES;
				"CODE_SIGN_IDENTITY[sdk=iphoneos*]" = "iPhone Developer";
				COPY_PHASE_STRIP = NO;
				DEBUG_INFORMATION_FORMAT = "dwarf-with-dsym";
				ENABLE_NS_ASSERTIONS = NO;
				ENABLE_STRICT_OBJC_MSGSEND = YES;
				GCC_C_LANGUAGE_STANDARD = gnu99;
				GCC_NO_COMMON_BLOCKS = YES;
				GCC_WARN_64_TO_32_BIT_CONVERSION = YES;
				GCC_WARN_ABOUT_RETURN_TYPE = YES_ERROR;
				GCC_WARN_UNDECLARED_SELECTOR = YES;
				GCC_WARN_UNINITIALIZED_AUTOS = YES_AGGRESSIVE;
				GCC_WARN_UNUSED_FUNCTION = YES;
				GCC_WARN_UNUSED_VARIABLE = YES;
				IPHONEOS_DEPLOYMENT_TARGET = 10.3;
				MTL_ENABLE_DEBUG_INFO = NO;
				SDKROOT = iphoneos;
				SWIFT_OPTIMIZATION_LEVEL = "-Owholemodule";
				VALIDATE_PRODUCT = YES;
			};
			name = Release;
		};
		C8A329431EFB94F8002E15E9 /* Debug */ = {
			isa = XCBuildConfiguration;
			baseConfigurationReference = 37F9E6CAE1F02EE25897358F /* Pods-Study.debug.xcconfig */;
			buildSettings = {
				ASSETCATALOG_COMPILER_APPICON_NAME = AppIcon;
				DEVELOPMENT_TEAM = 62TDMBSP72;
				INFOPLIST_FILE = Study/Info.plist;
				LD_RUNPATH_SEARCH_PATHS = "$(inherited) @executable_path/Frameworks";
				PRODUCT_BUNDLE_IDENTIFIER = com.Study;
				PRODUCT_NAME = "$(TARGET_NAME)";
				SWIFT_OBJC_BRIDGING_HEADER = "";
				SWIFT_VERSION = 3.0;
			};
			name = Debug;
		};
		C8A329441EFB94F8002E15E9 /* Release */ = {
			isa = XCBuildConfiguration;
			baseConfigurationReference = 9CD70230154A6BCD794C08CE /* Pods-Study.release.xcconfig */;
			buildSettings = {
				ASSETCATALOG_COMPILER_APPICON_NAME = AppIcon;
				DEVELOPMENT_TEAM = 62TDMBSP72;
				INFOPLIST_FILE = Study/Info.plist;
				LD_RUNPATH_SEARCH_PATHS = "$(inherited) @executable_path/Frameworks";
				PRODUCT_BUNDLE_IDENTIFIER = com.Study;
				PRODUCT_NAME = "$(TARGET_NAME)";
				SWIFT_OBJC_BRIDGING_HEADER = "";
				SWIFT_VERSION = 3.0;
			};
			name = Release;
		};
		C8A329461EFB94F8002E15E9 /* Debug */ = {
			isa = XCBuildConfiguration;
			buildSettings = {
				ALWAYS_EMBED_SWIFT_STANDARD_LIBRARIES = YES;
				BUNDLE_LOADER = "$(TEST_HOST)";
				DEVELOPMENT_TEAM = 62TDMBSP72;
				INFOPLIST_FILE = StudyTests/Info.plist;
				LD_RUNPATH_SEARCH_PATHS = "$(inherited) @executable_path/Frameworks @loader_path/Frameworks";
				PRODUCT_BUNDLE_IDENTIFIER = com.StudyTests;
				PRODUCT_NAME = "$(TARGET_NAME)";
				SWIFT_VERSION = 3.0;
				TEST_HOST = "$(BUILT_PRODUCTS_DIR)/Study.app/Study";
			};
			name = Debug;
		};
		C8A329471EFB94F8002E15E9 /* Release */ = {
			isa = XCBuildConfiguration;
			buildSettings = {
				ALWAYS_EMBED_SWIFT_STANDARD_LIBRARIES = YES;
				BUNDLE_LOADER = "$(TEST_HOST)";
				DEVELOPMENT_TEAM = 62TDMBSP72;
				INFOPLIST_FILE = StudyTests/Info.plist;
				LD_RUNPATH_SEARCH_PATHS = "$(inherited) @executable_path/Frameworks @loader_path/Frameworks";
				PRODUCT_BUNDLE_IDENTIFIER = com.StudyTests;
				PRODUCT_NAME = "$(TARGET_NAME)";
				SWIFT_VERSION = 3.0;
				TEST_HOST = "$(BUILT_PRODUCTS_DIR)/Study.app/Study";
			};
			name = Release;
		};
		C8A329491EFB94F8002E15E9 /* Debug */ = {
			isa = XCBuildConfiguration;
			buildSettings = {
				ALWAYS_EMBED_SWIFT_STANDARD_LIBRARIES = YES;
				DEVELOPMENT_TEAM = 62TDMBSP72;
				INFOPLIST_FILE = StudyUITests/Info.plist;
				LD_RUNPATH_SEARCH_PATHS = "$(inherited) @executable_path/Frameworks @loader_path/Frameworks";
				PRODUCT_BUNDLE_IDENTIFIER = com.StudyUITests;
				PRODUCT_NAME = "$(TARGET_NAME)";
				SWIFT_VERSION = 3.0;
				TEST_TARGET_NAME = Study;
			};
			name = Debug;
		};
		C8A3294A1EFB94F8002E15E9 /* Release */ = {
			isa = XCBuildConfiguration;
			buildSettings = {
				ALWAYS_EMBED_SWIFT_STANDARD_LIBRARIES = YES;
				DEVELOPMENT_TEAM = 62TDMBSP72;
				INFOPLIST_FILE = StudyUITests/Info.plist;
				LD_RUNPATH_SEARCH_PATHS = "$(inherited) @executable_path/Frameworks @loader_path/Frameworks";
				PRODUCT_BUNDLE_IDENTIFIER = com.StudyUITests;
				PRODUCT_NAME = "$(TARGET_NAME)";
				SWIFT_VERSION = 3.0;
				TEST_TARGET_NAME = Study;
			};
			name = Release;
		};
/* End XCBuildConfiguration section */

/* Begin XCConfigurationList section */
		C8A329151EFB94F7002E15E9 /* Build configuration list for PBXProject "Study" */ = {
			isa = XCConfigurationList;
			buildConfigurations = (
				C8A329401EFB94F8002E15E9 /* Debug */,
				C8A329411EFB94F8002E15E9 /* Release */,
			);
			defaultConfigurationIsVisible = 0;
			defaultConfigurationName = Release;
		};
		C8A329421EFB94F8002E15E9 /* Build configuration list for PBXNativeTarget "Study" */ = {
			isa = XCConfigurationList;
			buildConfigurations = (
				C8A329431EFB94F8002E15E9 /* Debug */,
				C8A329441EFB94F8002E15E9 /* Release */,
			);
			defaultConfigurationIsVisible = 0;
			defaultConfigurationName = Release;
		};
		C8A329451EFB94F8002E15E9 /* Build configuration list for PBXNativeTarget "StudyTests" */ = {
			isa = XCConfigurationList;
			buildConfigurations = (
				C8A329461EFB94F8002E15E9 /* Debug */,
				C8A329471EFB94F8002E15E9 /* Release */,
			);
			defaultConfigurationIsVisible = 0;
			defaultConfigurationName = Release;
		};
		C8A329481EFB94F8002E15E9 /* Build configuration list for PBXNativeTarget "StudyUITests" */ = {
			isa = XCConfigurationList;
			buildConfigurations = (
				C8A329491EFB94F8002E15E9 /* Debug */,
				C8A3294A1EFB94F8002E15E9 /* Release */,
			);
			defaultConfigurationIsVisible = 0;
			defaultConfigurationName = Release;
		};
/* End XCConfigurationList section */
	};
	rootObject = C8A329121EFB94F7002E15E9 /* Project object */;
}
